# This file is automatically @generated by Cargo.
# It is not intended for manual editing.
version = 4

[[package]]
name = "aarch64-cpu"
version = "11.1.0"
source = "registry+https://github.com/rust-lang/crates.io-index"
checksum = "2902b1d87157187000598c0dfc24f438b01792bc10d257c671bd65e24f4b5878"
dependencies = [
 "tock-registers",
]

[[package]]
name = "rpios"
version = "0.0.0"
dependencies = [
 "aarch64-cpu",
]

[[package]]
name = "tock-registers"
version = "0.10.1"
source = "registry+https://github.com/rust-lang/crates.io-index"
checksum = "8d2d250f87fb3fb6f225c907cf54381509f47b40b74b1d1f12d2dccbc915bdfe"
